
Microsoft Visual Studio Solution File, Format Version 10.00
# Visual Studio 2008
# SharpDevelop 4.0.0.3551
Project("{FAE04EC0-301F-11D3-BF4B-00C04F79EFBC}") = "SagittariusLib", "SagittariusLib\SagittariusLib.csproj", "{F8A428F9-C33E-4569-9B03-05E164ACC333}"
EndProject
Project("{FAE04EC0-301F-11D3-BF4B-00C04F79EFBC}") = "SagittariusGUI", "SagittariusGUI\SagittariusGUI.csproj", "{345BB0DD-587C-4570-911A-B352400278B8}"
EndProject
Global
	GlobalSection(SolutionConfigurationPlatforms) = preSolution
		Debug|Any CPU = Debug|Any CPU
		Release|Any CPU = Release|Any CPU
	EndGlobalSection
	GlobalSection(ProjectConfigurationPlatforms) = postSolution
		{F8A428F9-C33E-4569-9B03-05E164ACC333}.Debug|Any CPU.Build.0 = Debug|Any CPU
		{F8A428F9-C33E-4569-9B03-05E164ACC333}.Debug|Any CPU.ActiveCfg = Debug|Any CPU
		{F8A428F9-C33E-4569-9B03-05E164ACC333}.Release|Any CPU.Build.0 = Release|Any CPU
		{F8A428F9-C33E-4569-9B03-05E164ACC333}.Release|Any CPU.ActiveCfg = Release|Any CPU
		{345BB0DD-587C-4570-911A-B352400278B8}.Debug|Any CPU.Build.0 = Debug|Any CPU
		{345BB0DD-587C-4570-911A-B352400278B8}.Debug|Any CPU.ActiveCfg = Debug|Any CPU
		{345BB0DD-587C-4570-911A-B352400278B8}.Release|Any CPU.Build.0 = Release|Any CPU
		{345BB0DD-587C-4570-911A-B352400278B8}.Release|Any CPU.ActiveCfg = Release|Any CPU
	EndGlobalSection
EndGlobal
